
Microsoft Visual Studio Solution File, Format Version 12.00
# Visual Studio 15
VisualStudioVersion = 15.0.27428.2037
MinimumVisualStudioVersion = 10.0.40219.1
Project("{F184B08F-C81C-45F6-A57F-5ABD9991F28F}") = "cast", "cast\cast.vbproj", "{12491C6C-8385-47A9-BFBB-82DC8B9C79CB}"
EndProject
Global
	GlobalSection(SolutionConfigurationPlatforms) = preSolution
		Debug|Any CPU = Debug|Any CPU
		Release|Any CPU = Release|Any CPU
	EndGlobalSection
	GlobalSection(ProjectConfigurationPlatforms) = postSolution
		{12491C6C-8385-47A9-BFBB-82DC8B9C79CB}.Debug|Any CPU.ActiveCfg = Debug|Any CPU
		{12491C6C-8385-47A9-BFBB-82DC8B9C79CB}.Debug|Any CPU.Build.0 = Debug|Any CPU
		{12491C6C-8385-47A9-BFBB-82DC8B9C79CB}.Release|Any CPU.ActiveCfg = Release|Any CPU
		{12491C6C-8385-47A9-BFBB-82DC8B9C79CB}.Release|Any CPU.Build.0 = Release|Any CPU
	EndGlobalSection
	GlobalSection(SolutionProperties) = preSolution
		HideSolutionNode = FALSE
	EndGlobalSection
	GlobalSection(ExtensibilityGlobals) = postSolution
		SolutionGuid = {24CE52DB-106D-47C9-AFDC-7B80C6A783F5}
	EndGlobalSection
EndGlobal
